
Microsoft Visual Studio Solution File, Format Version 12.00
# Visual Studio Version 16
VisualStudioVersion = 16.0.29521.150
MinimumVisualStudioVersion = 10.0.40219.1
Project("{FAE04EC0-301F-11D3-BF4B-00C04F79EFBC}") = "sample_use_proxy", "sample_use_proxy\sample_use_proxy.csproj", "{5C43DC3E-3F49-4A88-8199-886B53DA8DBE}"
EndProject
Global
	GlobalSection(SolutionConfigurationPlatforms) = preSolution
		Debug|Any CPU = Debug|Any CPU
		Release|Any CPU = Release|Any CPU
	EndGlobalSection
	GlobalSection(ProjectConfigurationPlatforms) = postSolution
		{5C43DC3E-3F49-4A88-8199-886B53DA8DBE}.Debug|Any CPU.ActiveCfg = Debug|Any CPU
		{5C43DC3E-3F49-4A88-8199-886B53DA8DBE}.Debug|Any CPU.Build.0 = Debug|Any CPU
		{5C43DC3E-3F49-4A88-8199-886B53DA8DBE}.Release|Any CPU.ActiveCfg = Release|Any CPU
		{5C43DC3E-3F49-4A88-8199-886B53DA8DBE}.Release|Any CPU.Build.0 = Release|Any CPU
	EndGlobalSection
	GlobalSection(SolutionProperties) = preSolution
		HideSolutionNode = FALSE
	EndGlobalSection
	GlobalSection(ExtensibilityGlobals) = postSolution
		SolutionGuid = {7ED779CF-2F90-49F6-87D4-470DB2A9F190}
	EndGlobalSection
EndGlobal
